
Microsoft Visual Studio Solution File, Format Version 12.00
# Visual Studio Version 17
VisualStudioVersion = 17.3.32804.467
MinimumVisualStudioVersion = 10.0.40219.1
Project("{FAE04EC0-301F-11D3-BF4B-00C04F79EFBC}") = "ControlTabla", "ControlTabla\ControlTabla.csproj", "{2D318751-B4DB-487D-9605-F5FCFCE3DE90}"
EndProject
Project("{FAE04EC0-301F-11D3-BF4B-00C04F79EFBC}") = "Prueba", "Prueba\Prueba.csproj", "{355EC42F-037B-44FB-93F7-B9F0F3684451}"
EndProject
Global
	GlobalSection(SolutionConfigurationPlatforms) = preSolution
		Debug|Any CPU = Debug|Any CPU
		Release|Any CPU = Release|Any CPU
	EndGlobalSection
	GlobalSection(ProjectConfigurationPlatforms) = postSolution
		{2D318751-B4DB-487D-9605-F5FCFCE3DE90}.Debug|Any CPU.ActiveCfg = Debug|Any CPU
		{2D318751-B4DB-487D-9605-F5FCFCE3DE90}.Debug|Any CPU.Build.0 = Debug|Any CPU
		{2D318751-B4DB-487D-9605-F5FCFCE3DE90}.Release|Any CPU.ActiveCfg = Release|Any CPU
		{2D318751-B4DB-487D-9605-F5FCFCE3DE90}.Release|Any CPU.Build.0 = Release|Any CPU
		{355EC42F-037B-44FB-93F7-B9F0F3684451}.Debug|Any CPU.ActiveCfg = Debug|Any CPU
		{355EC42F-037B-44FB-93F7-B9F0F3684451}.Debug|Any CPU.Build.0 = Debug|Any CPU
		{355EC42F-037B-44FB-93F7-B9F0F3684451}.Release|Any CPU.ActiveCfg = Release|Any CPU
		{355EC42F-037B-44FB-93F7-B9F0F3684451}.Release|Any CPU.Build.0 = Release|Any CPU
	EndGlobalSection
	GlobalSection(SolutionProperties) = preSolution
		HideSolutionNode = FALSE
	EndGlobalSection
	GlobalSection(ExtensibilityGlobals) = postSolution
		SolutionGuid = {BB655EE6-6613-4400-82A0-EE05D8B93576}
	EndGlobalSection
EndGlobal
